
Microsoft Visual Studio Solution File, Format Version 12.00
# Visual Studio Version 16
VisualStudioVersion = 16.0.31424.327
MinimumVisualStudioVersion = 10.0.40219.1
Project("{FAE04EC0-301F-11D3-BF4B-00C04F79EFBC}") = "net5backend", "net5backend.csproj", "{72A2837A-6957-42EA-88C1-94F8C3F67580}"
EndProject
Global
	GlobalSection(SolutionConfigurationPlatforms) = preSolution
		Debug|Any CPU = Debug|Any CPU
		Release|Any CPU = Release|Any CPU
	EndGlobalSection
	GlobalSection(ProjectConfigurationPlatforms) = postSolution
		{72A2837A-6957-42EA-88C1-94F8C3F67580}.Debug|Any CPU.ActiveCfg = Debug|Any CPU
		{72A2837A-6957-42EA-88C1-94F8C3F67580}.Debug|Any CPU.Build.0 = Debug|Any CPU
		{72A2837A-6957-42EA-88C1-94F8C3F67580}.Release|Any CPU.ActiveCfg = Release|Any CPU
		{72A2837A-6957-42EA-88C1-94F8C3F67580}.Release|Any CPU.Build.0 = Release|Any CPU
	EndGlobalSection
	GlobalSection(SolutionProperties) = preSolution
		HideSolutionNode = FALSE
	EndGlobalSection
	GlobalSection(ExtensibilityGlobals) = postSolution
		SolutionGuid = {A8BEC291-3FD7-43E1-9307-CBFE4A508E0F}
	EndGlobalSection
EndGlobal
